
Microsoft Visual Studio Solution File, Format Version 12.00
Project("{FAE04EC0-301F-11D3-BF4B-00C04F79EFBC}") = "Web", "Web\Web.csproj", "{41870845-C27C-4080-A57B-64DEAE3E4E12}"
EndProject
Project("{FAE04EC0-301F-11D3-BF4B-00C04F79EFBC}") = "DAL", "DAL\DAL.csproj", "{DAF2E170-42AC-4CBA-B023-FF6DD50A1D15}"
EndProject
Project("{FAE04EC0-301F-11D3-BF4B-00C04F79EFBC}") = "Utility", "Utility\Utility.csproj", "{9315E926-9A09-4732-A5AA-95BDB1A34A0A}"
EndProject
Global
	GlobalSection(SolutionConfigurationPlatforms) = preSolution
		Debug|Any CPU = Debug|Any CPU
		Release|Any CPU = Release|Any CPU
	EndGlobalSection
	GlobalSection(ProjectConfigurationPlatforms) = postSolution
		{41870845-C27C-4080-A57B-64DEAE3E4E12}.Debug|Any CPU.ActiveCfg = Debug|Any CPU
		{41870845-C27C-4080-A57B-64DEAE3E4E12}.Debug|Any CPU.Build.0 = Debug|Any CPU
		{41870845-C27C-4080-A57B-64DEAE3E4E12}.Release|Any CPU.ActiveCfg = Release|Any CPU
		{41870845-C27C-4080-A57B-64DEAE3E4E12}.Release|Any CPU.Build.0 = Release|Any CPU
		{DAF2E170-42AC-4CBA-B023-FF6DD50A1D15}.Debug|Any CPU.ActiveCfg = Debug|Any CPU
		{DAF2E170-42AC-4CBA-B023-FF6DD50A1D15}.Debug|Any CPU.Build.0 = Debug|Any CPU
		{DAF2E170-42AC-4CBA-B023-FF6DD50A1D15}.Release|Any CPU.ActiveCfg = Release|Any CPU
		{DAF2E170-42AC-4CBA-B023-FF6DD50A1D15}.Release|Any CPU.Build.0 = Release|Any CPU
		{9315E926-9A09-4732-A5AA-95BDB1A34A0A}.Debug|Any CPU.ActiveCfg = Debug|Any CPU
		{9315E926-9A09-4732-A5AA-95BDB1A34A0A}.Debug|Any CPU.Build.0 = Debug|Any CPU
		{9315E926-9A09-4732-A5AA-95BDB1A34A0A}.Release|Any CPU.ActiveCfg = Release|Any CPU
		{9315E926-9A09-4732-A5AA-95BDB1A34A0A}.Release|Any CPU.Build.0 = Release|Any CPU
	EndGlobalSection
EndGlobal
